// !$*UTF8*$!
{
	archiveVersion = 1;
	classes = {
	};
	objectVersion = 56;
	objects = {

/* Begin PBXBuildFile section */
		D6031C532C06AB51005A8947 /* CanPlaceFlower.swift in Sources */ = {isa = PBXBuildFile; fileRef = D6031C522C06AB51005A8947 /* CanPlaceFlower.swift */; };
		D6031C5B2C07F47A005A8947 /* Search.swift in Sources */ = {isa = PBXBuildFile; fileRef = D6031C5A2C07F47A005A8947 /* Search.swift */; };
		D6031C8B2C167308005A8947 /* SameTree.swift in Sources */ = {isa = PBXBuildFile; fileRef = D6031C8A2C167308005A8947 /* SameTree.swift */; };
		D6031C8D2C167A9F005A8947 /* TreeNode.swift in Sources */ = {isa = PBXBuildFile; fileRef = D6031C8C2C167A9F005A8947 /* TreeNode.swift */; };
		D6031C8F2C168165005A8947 /* IsSymmetric.swift in Sources */ = {isa = PBXBuildFile; fileRef = D6031C8E2C168165005A8947 /* IsSymmetric.swift */; };
		D6031C912C1682E0005A8947 /* MaxDepth.swift in Sources */ = {isa = PBXBuildFile; fileRef = D6031C902C1682E0005A8947 /* MaxDepth.swift */; };
		D6031C9E2C17D066005A8947 /* MergeSortedArray.swift in Sources */ = {isa = PBXBuildFile; fileRef = D6031C9D2C17D066005A8947 /* MergeSortedArray.swift */; };
		D6031CA32C1925C5005A8947 /* CountingSort.swift in Sources */ = {isa = PBXBuildFile; fileRef = D6031CA22C1925C5005A8947 /* CountingSort.swift */; };
		D64DDE852C04CAB8007A311A /* main.swift in Sources */ = {isa = PBXBuildFile; fileRef = D64DDE842C04CAB8007A311A /* main.swift */; };
		D64DDE8C2C04CAE5007A311A /* Changes.swift in Sources */ = {isa = PBXBuildFile; fileRef = D64DDE8B2C04CAE5007A311A /* Changes.swift */; };
		D64DDE8F2C04CCD1007A311A /* RuleOfBigNumber.swift in Sources */ = {isa = PBXBuildFile; fileRef = D64DDE8E2C04CCD1007A311A /* RuleOfBigNumber.swift */; };
		D68448A52C0615E300437959 /* NumberCardGame.swift in Sources */ = {isa = PBXBuildFile; fileRef = D68448A42C0615E300437959 /* NumberCardGame.swift */; };
		D68448A72C06183100437959 /* UntilOne.swift in Sources */ = {isa = PBXBuildFile; fileRef = D68448A62C06183100437959 /* UntilOne.swift */; };
		D68448AC2C06215C00437959 /* LRUD.swift in Sources */ = {isa = PBXBuildFile; fileRef = D68448AB2C06215C00437959 /* LRUD.swift */; };
		D68448AE2C06269700437959 /* Time.swift in Sources */ = {isa = PBXBuildFile; fileRef = D68448AD2C06269700437959 /* Time.swift */; };
		D68448B02C07683500437959 /* Knight.swift in Sources */ = {isa = PBXBuildFile; fileRef = D68448AF2C07683500437959 /* Knight.swift */; };
		D68448B62C15D0EA00437959 /* Ice.swift in Sources */ = {isa = PBXBuildFile; fileRef = D68448B52C15D0EA00437959 /* Ice.swift */; };
		D68448B82C15E1AB00437959 /* Maze.swift in Sources */ = {isa = PBXBuildFile; fileRef = D68448B72C15E1AB00437959 /* Maze.swift */; };
		D68448BB2C15EBA700437959 /* Queue.swift in Sources */ = {isa = PBXBuildFile; fileRef = D68448BA2C15EBA700437959 /* Queue.swift */; };
		D68448BE2C15F1B200437959 /* SelectionSort.swift in Sources */ = {isa = PBXBuildFile; fileRef = D68448BD2C15F1B200437959 /* SelectionSort.swift */; };
		D68448C02C15F25700437959 /* BubbleSort.swift in Sources */ = {isa = PBXBuildFile; fileRef = D68448BF2C15F25700437959 /* BubbleSort.swift */; };
		D68448C22C1602C800437959 /* InsertionSort.swift in Sources */ = {isa = PBXBuildFile; fileRef = D68448C12C1602C800437959 /* InsertionSort.swift */; };
		D68448C42C1749AE00437959 /* QuickSort.swift in Sources */ = {isa = PBXBuildFile; fileRef = D68448C32C1749AE00437959 /* QuickSort.swift */; };
		D68448C72C19DD8700437959 /* BinarySearch.swift in Sources */ = {isa = PBXBuildFile; fileRef = D68448C62C19DD8700437959 /* BinarySearch.swift */; };
		D68448C92C19E12100437959 /* FindingParts.swift in Sources */ = {isa = PBXBuildFile; fileRef = D68448C82C19E12100437959 /* FindingParts.swift */; };
/* End PBXBuildFile section */

/* Begin PBXCopyFilesBuildPhase section */
		D64DDE7F2C04CAB8007A311A /* CopyFiles */ = {
			isa = PBXCopyFilesBuildPhase;
			buildActionMask = 2147483647;
			dstPath = /usr/share/man/man1/;
			dstSubfolderSpec = 0;
			files = (
			);
			runOnlyForDeploymentPostprocessing = 1;
		};
/* End PBXCopyFilesBuildPhase section */

/* Begin PBXFileReference section */
		D6031C522C06AB51005A8947 /* CanPlaceFlower.swift */ = {isa = PBXFileReference; lastKnownFileType = sourcecode.swift; path = CanPlaceFlower.swift; sourceTree = "<group>"; };
		D6031C5A2C07F47A005A8947 /* Search.swift */ = {isa = PBXFileReference; lastKnownFileType = sourcecode.swift; path = Search.swift; sourceTree = "<group>"; };
		D6031C8A2C167308005A8947 /* SameTree.swift */ = {isa = PBXFileReference; lastKnownFileType = sourcecode.swift; path = SameTree.swift; sourceTree = "<group>"; };
		D6031C8C2C167A9F005A8947 /* TreeNode.swift */ = {isa = PBXFileReference; lastKnownFileType = sourcecode.swift; path = TreeNode.swift; sourceTree = "<group>"; };
		D6031C8E2C168165005A8947 /* IsSymmetric.swift */ = {isa = PBXFileReference; lastKnownFileType = sourcecode.swift; path = IsSymmetric.swift; sourceTree = "<group>"; };
		D6031C902C1682E0005A8947 /* MaxDepth.swift */ = {isa = PBXFileReference; lastKnownFileType = sourcecode.swift; path = MaxDepth.swift; sourceTree = "<group>"; };
		D6031C9D2C17D066005A8947 /* MergeSortedArray.swift */ = {isa = PBXFileReference; lastKnownFileType = sourcecode.swift; path = MergeSortedArray.swift; sourceTree = "<group>"; };
		D6031CA22C1925C5005A8947 /* CountingSort.swift */ = {isa = PBXFileReference; lastKnownFileType = sourcecode.swift; path = CountingSort.swift; sourceTree = "<group>"; };
		D64DDE812C04CAB8007A311A /* ProblemSolving */ = {isa = PBXFileReference; explicitFileType = "compiled.mach-o.executable"; includeInIndex = 0; path = ProblemSolving; sourceTree = BUILT_PRODUCTS_DIR; };
		D64DDE842C04CAB8007A311A /* main.swift */ = {isa = PBXFileReference; lastKnownFileType = sourcecode.swift; path = main.swift; sourceTree = "<group>"; };
		D64DDE8B2C04CAE5007A311A /* Changes.swift */ = {isa = PBXFileReference; lastKnownFileType = sourcecode.swift; path = Changes.swift; sourceTree = "<group>"; };
		D64DDE8E2C04CCD1007A311A /* RuleOfBigNumber.swift */ = {isa = PBXFileReference; lastKnownFileType = sourcecode.swift; path = RuleOfBigNumber.swift; sourceTree = "<group>"; };
		D68448A42C0615E300437959 /* NumberCardGame.swift */ = {isa = PBXFileReference; lastKnownFileType = sourcecode.swift; path = NumberCardGame.swift; sourceTree = "<group>"; };
		D68448A62C06183100437959 /* UntilOne.swift */ = {isa = PBXFileReference; lastKnownFileType = sourcecode.swift; path = UntilOne.swift; sourceTree = "<group>"; };
		D68448AB2C06215C00437959 /* LRUD.swift */ = {isa = PBXFileReference; lastKnownFileType = sourcecode.swift; path = LRUD.swift; sourceTree = "<group>"; };
		D68448AD2C06269700437959 /* Time.swift */ = {isa = PBXFileReference; lastKnownFileType = sourcecode.swift; path = Time.swift; sourceTree = "<group>"; };
		D68448AF2C07683500437959 /* Knight.swift */ = {isa = PBXFileReference; lastKnownFileType = sourcecode.swift; path = Knight.swift; sourceTree = "<group>"; };
		D68448B52C15D0EA00437959 /* Ice.swift */ = {isa = PBXFileReference; lastKnownFileType = sourcecode.swift; path = Ice.swift; sourceTree = "<group>"; };
		D68448B72C15E1AB00437959 /* Maze.swift */ = {isa = PBXFileReference; lastKnownFileType = sourcecode.swift; path = Maze.swift; sourceTree = "<group>"; };
		D68448BA2C15EBA700437959 /* Queue.swift */ = {isa = PBXFileReference; lastKnownFileType = sourcecode.swift; path = Queue.swift; sourceTree = "<group>"; };
		D68448BD2C15F1B200437959 /* SelectionSort.swift */ = {isa = PBXFileReference; lastKnownFileType = sourcecode.swift; path = SelectionSort.swift; sourceTree = "<group>"; };
		D68448BF2C15F25700437959 /* BubbleSort.swift */ = {isa = PBXFileReference; lastKnownFileType = sourcecode.swift; path = BubbleSort.swift; sourceTree = "<group>"; };
		D68448C12C1602C800437959 /* InsertionSort.swift */ = {isa = PBXFileReference; lastKnownFileType = sourcecode.swift; path = InsertionSort.swift; sourceTree = "<group>"; };
		D68448C32C1749AE00437959 /* QuickSort.swift */ = {isa = PBXFileReference; lastKnownFileType = sourcecode.swift; path = QuickSort.swift; sourceTree = "<group>"; };
		D68448C62C19DD8700437959 /* BinarySearch.swift */ = {isa = PBXFileReference; lastKnownFileType = sourcecode.swift; path = BinarySearch.swift; sourceTree = "<group>"; };
		D68448C82C19E12100437959 /* FindingParts.swift */ = {isa = PBXFileReference; lastKnownFileType = sourcecode.swift; path = FindingParts.swift; sourceTree = "<group>"; };
/* End PBXFileReference section */

/* Begin PBXFrameworksBuildPhase section */
		D64DDE7E2C04CAB8007A311A /* Frameworks */ = {
			isa = PBXFrameworksBuildPhase;
			buildActionMask = 2147483647;
			files = (
			);
			runOnlyForDeploymentPostprocessing = 0;
		};
/* End PBXFrameworksBuildPhase section */

/* Begin PBXGroup section */
		D6031C572C07F452005A8947 /* search */ = {
			isa = PBXGroup;
			children = (
				D68448C52C19DCD000437959 /* BinarySearch */,
				D6031C882C16729B005A8947 /* BFS */,
				D6031C892C1672A1005A8947 /* DFS */,
			);
			path = search;
			sourceTree = "<group>";
		};
		D6031C882C16729B005A8947 /* BFS */ = {
			isa = PBXGroup;
			children = (
				D68448B72C15E1AB00437959 /* Maze.swift */,
			);
			path = BFS;
			sourceTree = "<group>";
		};
		D6031C892C1672A1005A8947 /* DFS */ = {
			isa = PBXGroup;
			children = (
				D6031C8A2C167308005A8947 /* SameTree.swift */,
				D6031C8E2C168165005A8947 /* IsSymmetric.swift */,
				D6031C902C1682E0005A8947 /* MaxDepth.swift */,
				D6031C5A2C07F47A005A8947 /* Search.swift */,
				D68448B52C15D0EA00437959 /* Ice.swift */,
			);
			path = DFS;
			sourceTree = "<group>";
		};
		D6031CA12C192530005A8947 /* basic */ = {
			isa = PBXGroup;
			children = (
				D68448BD2C15F1B200437959 /* SelectionSort.swift */,
				D6031CA22C1925C5005A8947 /* CountingSort.swift */,
				D68448BF2C15F25700437959 /* BubbleSort.swift */,
				D68448C12C1602C800437959 /* InsertionSort.swift */,
				D68448C32C1749AE00437959 /* QuickSort.swift */,
			);
			path = basic;
			sourceTree = "<group>";
		};
		D64DDE782C04CAB8007A311A = {
			isa = PBXGroup;
			children = (
				D64DDE832C04CAB8007A311A /* ProblemSolving */,
				D64DDE822C04CAB8007A311A /* Products */,
			);
			sourceTree = "<group>";
		};
		D64DDE822C04CAB8007A311A /* Products */ = {
			isa = PBXGroup;
			children = (
				D64DDE812C04CAB8007A311A /* ProblemSolving */,
			);
			name = Products;
			sourceTree = "<group>";
		};
		D64DDE832C04CAB8007A311A /* ProblemSolving */ = {
			isa = PBXGroup;
			children = (
				D64DDE842C04CAB8007A311A /* main.swift */,
				D68448B92C15EB9500437959 /* DataStruct */,
				D68448A92C061D2500437959 /* ThisIsACodingTest */,
			);
			path = ProblemSolving;
			sourceTree = "<group>";
		};
		D64DDE8D2C04CCA4007A311A /* greedy */ = {
			isa = PBXGroup;
			children = (
				D64DDE8B2C04CAE5007A311A /* Changes.swift */,
				D6031C522C06AB51005A8947 /* CanPlaceFlower.swift */,
				D64DDE8E2C04CCD1007A311A /* RuleOfBigNumber.swift */,
				D68448A42C0615E300437959 /* NumberCardGame.swift */,
				D68448A62C06183100437959 /* UntilOne.swift */,
			);
			path = greedy;
			sourceTree = "<group>";
		};
		D68448A92C061D2500437959 /* ThisIsACodingTest */ = {
			isa = PBXGroup;
			children = (
				D68448BC2C15F1A200437959 /* sort */,
				D6031C572C07F452005A8947 /* search */,
				D68448AA2C06213A00437959 /* implementation */,
				D64DDE8D2C04CCA4007A311A /* greedy */,
			);
			path = ThisIsACodingTest;
			sourceTree = "<group>";
		};
		D68448AA2C06213A00437959 /* implementation */ = {
			isa = PBXGroup;
			children = (
				D68448AB2C06215C00437959 /* LRUD.swift */,
				D68448AD2C06269700437959 /* Time.swift */,
				D68448AF2C07683500437959 /* Knight.swift */,
			);
			path = implementation;
			sourceTree = "<group>";
		};
		D68448B92C15EB9500437959 /* DataStruct */ = {
			isa = PBXGroup;
			children = (
				D68448BA2C15EBA700437959 /* Queue.swift */,
				D6031C8C2C167A9F005A8947 /* TreeNode.swift */,
			);
			path = DataStruct;
			sourceTree = "<group>";
		};
		D68448BC2C15F1A200437959 /* sort */ = {
			isa = PBXGroup;
			children = (
				D6031CA12C192530005A8947 /* basic */,
				D6031C9D2C17D066005A8947 /* MergeSortedArray.swift */,
			);
			path = sort;
			sourceTree = "<group>";
		};
		D68448C52C19DCD000437959 /* BinarySearch */ = {
			isa = PBXGroup;
			children = (
				D68448C62C19DD8700437959 /* BinarySearch.swift */,
				D68448C82C19E12100437959 /* FindingParts.swift */,
			);
			path = BinarySearch;
			sourceTree = "<group>";
		};
/* End PBXGroup section */

/* Begin PBXNativeTarget section */
		D64DDE802C04CAB8007A311A /* ProblemSolving */ = {
			isa = PBXNativeTarget;
			buildConfigurationList = D64DDE882C04CAB8007A311A /* Build configuration list for PBXNativeTarget "ProblemSolving" */;
			buildPhases = (
				D64DDE7D2C04CAB8007A311A /* Sources */,
				D64DDE7E2C04CAB8007A311A /* Frameworks */,
				D64DDE7F2C04CAB8007A311A /* CopyFiles */,
			);
			buildRules = (
			);
			dependencies = (
			);
			name = ProblemSolving;
			productName = TCT;
			productReference = D64DDE812C04CAB8007A311A /* ProblemSolving */;
			productType = "com.apple.product-type.tool";
		};
/* End PBXNativeTarget section */

/* Begin PBXProject section */
		D64DDE792C04CAB8007A311A /* Project object */ = {
			isa = PBXProject;
			attributes = {
				BuildIndependentTargetsInParallel = 1;
				LastSwiftUpdateCheck = 1530;
				LastUpgradeCheck = 1530;
				TargetAttributes = {
					D64DDE802C04CAB8007A311A = {
						CreatedOnToolsVersion = 15.3;
					};
				};
			};
			buildConfigurationList = D64DDE7C2C04CAB8007A311A /* Build configuration list for PBXProject "ProblemSolving" */;
			compatibilityVersion = "Xcode 14.0";
			developmentRegion = en;
			hasScannedForEncodings = 0;
			knownRegions = (
				en,
				Base,
			);
			mainGroup = D64DDE782C04CAB8007A311A;
			productRefGroup = D64DDE822C04CAB8007A311A /* Products */;
			projectDirPath = "";
			projectRoot = "";
			targets = (
				D64DDE802C04CAB8007A311A /* ProblemSolving */,
			);
		};
/* End PBXProject section */

/* Begin PBXSourcesBuildPhase section */
		D64DDE7D2C04CAB8007A311A /* Sources */ = {
			isa = PBXSourcesBuildPhase;
			buildActionMask = 2147483647;
			files = (
				D6031C5B2C07F47A005A8947 /* Search.swift in Sources */,
				D6031C9E2C17D066005A8947 /* MergeSortedArray.swift in Sources */,
				D68448C22C1602C800437959 /* InsertionSort.swift in Sources */,
				D68448AC2C06215C00437959 /* LRUD.swift in Sources */,
				D68448C02C15F25700437959 /* BubbleSort.swift in Sources */,
				D6031CA32C1925C5005A8947 /* CountingSort.swift in Sources */,
				D68448BE2C15F1B200437959 /* SelectionSort.swift in Sources */,
				D68448B82C15E1AB00437959 /* Maze.swift in Sources */,
				D68448A52C0615E300437959 /* NumberCardGame.swift in Sources */,
				D68448BB2C15EBA700437959 /* Queue.swift in Sources */,
				D68448AE2C06269700437959 /* Time.swift in Sources */,
				D68448B62C15D0EA00437959 /* Ice.swift in Sources */,
				D6031C8B2C167308005A8947 /* SameTree.swift in Sources */,
				D6031C8D2C167A9F005A8947 /* TreeNode.swift in Sources */,
				D6031C912C1682E0005A8947 /* MaxDepth.swift in Sources */,
				D68448C92C19E12100437959 /* FindingParts.swift in Sources */,
				D68448C72C19DD8700437959 /* BinarySearch.swift in Sources */,
				D64DDE852C04CAB8007A311A /* main.swift in Sources */,
				D68448B02C07683500437959 /* Knight.swift in Sources */,
				D6031C532C06AB51005A8947 /* CanPlaceFlower.swift in Sources */,
				D68448C42C1749AE00437959 /* QuickSort.swift in Sources */,
				D6031C8F2C168165005A8947 /* IsSymmetric.swift in Sources */,
				D64DDE8F2C04CCD1007A311A /* RuleOfBigNumber.swift in Sources */,
				D64DDE8C2C04CAE5007A311A /* Changes.swift in Sources */,
				D68448A72C06183100437959 /* UntilOne.swift in Sources */,
			);
			runOnlyForDeploymentPostprocessing = 0;
		};
/* End PBXSourcesBuildPhase section */

/* Begin XCBuildConfiguration section */
		D64DDE862C04CAB8007A311A /* Debug */ = {
			isa = XCBuildConfiguration;
			buildSettings = {
				ALWAYS_SEARCH_USER_PATHS = NO;
				ASSETCATALOG_COMPILER_GENERATE_SWIFT_ASSET_SYMBOL_EXTENSIONS = YES;
				CLANG_ANALYZER_NONNULL = YES;
				CLANG_ANALYZER_NUMBER_OBJECT_CONVERSION = YES_AGGRESSIVE;
				CLANG_CXX_LANGUAGE_STANDARD = "gnu++20";
				CLANG_ENABLE_MODULES = YES;
				CLANG_ENABLE_OBJC_ARC = YES;
				CLANG_ENABLE_OBJC_WEAK = YES;
				CLANG_WARN_BLOCK_CAPTURE_AUTORELEASING = YES;
				CLANG_WARN_BOOL_CONVERSION = YES;
				CLANG_WARN_COMMA = YES;
				CLANG_WARN_CONSTANT_CONVERSION = YES;
				CLANG_WARN_DEPRECATED_OBJC_IMPLEMENTATIONS = YES;
				CLANG_WARN_DIRECT_OBJC_ISA_USAGE = YES_ERROR;
				CLANG_WARN_DOCUMENTATION_COMMENTS = YES;
				CLANG_WARN_EMPTY_BODY = YES;
				CLANG_WARN_ENUM_CONVERSION = YES;
				CLANG_WARN_INFINITE_RECURSION = YES;
				CLANG_WARN_INT_CONVERSION = YES;
				CLANG_WARN_NON_LITERAL_NULL_CONVERSION = YES;
				CLANG_WARN_OBJC_IMPLICIT_RETAIN_SELF = YES;
				CLANG_WARN_OBJC_LITERAL_CONVERSION = YES;
				CLANG_WARN_OBJC_ROOT_CLASS = YES_ERROR;
				CLANG_WARN_QUOTED_INCLUDE_IN_FRAMEWORK_HEADER = YES;
				CLANG_WARN_RANGE_LOOP_ANALYSIS = YES;
				CLANG_WARN_STRICT_PROTOTYPES = YES;
				CLANG_WARN_SUSPICIOUS_MOVE = YES;
				CLANG_WARN_UNGUARDED_AVAILABILITY = YES_AGGRESSIVE;
				CLANG_WARN_UNREACHABLE_CODE = YES;
				CLANG_WARN__DUPLICATE_METHOD_MATCH = YES;
				COPY_PHASE_STRIP = NO;
				DEBUG_INFORMATION_FORMAT = dwarf;
				ENABLE_STRICT_OBJC_MSGSEND = YES;
				ENABLE_TESTABILITY = YES;
				ENABLE_USER_SCRIPT_SANDBOXING = YES;
				GCC_C_LANGUAGE_STANDARD = gnu17;
				GCC_DYNAMIC_NO_PIC = NO;
				GCC_NO_COMMON_BLOCKS = YES;
				GCC_OPTIMIZATION_LEVEL = 0;
				GCC_PREPROCESSOR_DEFINITIONS = (
					"DEBUG=1",
					"$(inherited)",
				);
				GCC_WARN_64_TO_32_BIT_CONVERSION = YES;
				GCC_WARN_ABOUT_RETURN_TYPE = YES_ERROR;
				GCC_WARN_UNDECLARED_SELECTOR = YES;
				GCC_WARN_UNINITIALIZED_AUTOS = YES_AGGRESSIVE;
				GCC_WARN_UNUSED_FUNCTION = YES;
				GCC_WARN_UNUSED_VARIABLE = YES;
				LOCALIZATION_PREFERS_STRING_CATALOGS = YES;
				MACOSX_DEPLOYMENT_TARGET = 14.1;
				MTL_ENABLE_DEBUG_INFO = INCLUDE_SOURCE;
				MTL_FAST_MATH = YES;
				ONLY_ACTIVE_ARCH = YES;
				SDKROOT = macosx;
				SWIFT_ACTIVE_COMPILATION_CONDITIONS = "DEBUG $(inherited)";
				SWIFT_OPTIMIZATION_LEVEL = "-Onone";
			};
			name = Debug;
		};
		D64DDE872C04CAB8007A311A /* Release */ = {
			isa = XCBuildConfiguration;
			buildSettings = {
				ALWAYS_SEARCH_USER_PATHS = NO;
				ASSETCATALOG_COMPILER_GENERATE_SWIFT_ASSET_SYMBOL_EXTENSIONS = YES;
				CLANG_ANALYZER_NONNULL = YES;
				CLANG_ANALYZER_NUMBER_OBJECT_CONVERSION = YES_AGGRESSIVE;
				CLANG_CXX_LANGUAGE_STANDARD = "gnu++20";
				CLANG_ENABLE_MODULES = YES;
				CLANG_ENABLE_OBJC_ARC = YES;
				CLANG_ENABLE_OBJC_WEAK = YES;
				CLANG_WARN_BLOCK_CAPTURE_AUTORELEASING = YES;
				CLANG_WARN_BOOL_CONVERSION = YES;
				CLANG_WARN_COMMA = YES;
				CLANG_WARN_CONSTANT_CONVERSION = YES;
				CLANG_WARN_DEPRECATED_OBJC_IMPLEMENTATIONS = YES;
				CLANG_WARN_DIRECT_OBJC_ISA_USAGE = YES_ERROR;
				CLANG_WARN_DOCUMENTATION_COMMENTS = YES;
				CLANG_WARN_EMPTY_BODY = YES;
				CLANG_WARN_ENUM_CONVERSION = YES;
				CLANG_WARN_INFINITE_RECURSION = YES;
				CLANG_WARN_INT_CONVERSION = YES;
				CLANG_WARN_NON_LITERAL_NULL_CONVERSION = YES;
				CLANG_WARN_OBJC_IMPLICIT_RETAIN_SELF = YES;
				CLANG_WARN_OBJC_LITERAL_CONVERSION = YES;
				CLANG_WARN_OBJC_ROOT_CLASS = YES_ERROR;
				CLANG_WARN_QUOTED_INCLUDE_IN_FRAMEWORK_HEADER = YES;
				CLANG_WARN_RANGE_LOOP_ANALYSIS = YES;
				CLANG_WARN_STRICT_PROTOTYPES = YES;
				CLANG_WARN_SUSPICIOUS_MOVE = YES;
				CLANG_WARN_UNGUARDED_AVAILABILITY = YES_AGGRESSIVE;
				CLANG_WARN_UNREACHABLE_CODE = YES;
				CLANG_WARN__DUPLICATE_METHOD_MATCH = YES;
				COPY_PHASE_STRIP = NO;
				DEBUG_INFORMATION_FORMAT = "dwarf-with-dsym";
				ENABLE_NS_ASSERTIONS = NO;
				ENABLE_STRICT_OBJC_MSGSEND = YES;
				ENABLE_USER_SCRIPT_SANDBOXING = YES;
				GCC_C_LANGUAGE_STANDARD = gnu17;
				GCC_NO_COMMON_BLOCKS = YES;
				GCC_WARN_64_TO_32_BIT_CONVERSION = YES;
				GCC_WARN_ABOUT_RETURN_TYPE = YES_ERROR;
				GCC_WARN_UNDECLARED_SELECTOR = YES;
				GCC_WARN_UNINITIALIZED_AUTOS = YES_AGGRESSIVE;
				GCC_WARN_UNUSED_FUNCTION = YES;
				GCC_WARN_UNUSED_VARIABLE = YES;
				LOCALIZATION_PREFERS_STRING_CATALOGS = YES;
				MACOSX_DEPLOYMENT_TARGET = 14.1;
				MTL_ENABLE_DEBUG_INFO = NO;
				MTL_FAST_MATH = YES;
				SDKROOT = macosx;
				SWIFT_COMPILATION_MODE = wholemodule;
			};
			name = Release;
		};
		D64DDE892C04CAB8007A311A /* Debug */ = {
			isa = XCBuildConfiguration;
			buildSettings = {
				CODE_SIGN_STYLE = Automatic;
				DEVELOPMENT_TEAM = DUV8UP2WXU;
				ENABLE_HARDENED_RUNTIME = YES;
				PRODUCT_NAME = "$(TARGET_NAME)";
				SWIFT_VERSION = 5.0;
			};
			name = Debug;
		};
		D64DDE8A2C04CAB8007A311A /* Release */ = {
			isa = XCBuildConfiguration;
			buildSettings = {
				CODE_SIGN_STYLE = Automatic;
				DEVELOPMENT_TEAM = DUV8UP2WXU;
				ENABLE_HARDENED_RUNTIME = YES;
				PRODUCT_NAME = "$(TARGET_NAME)";
				SWIFT_VERSION = 5.0;
			};
			name = Release;
		};
/* End XCBuildConfiguration section */

/* Begin XCConfigurationList section */
		D64DDE7C2C04CAB8007A311A /* Build configuration list for PBXProject "ProblemSolving" */ = {
			isa = XCConfigurationList;
			buildConfigurations = (
				D64DDE862C04CAB8007A311A /* Debug */,
				D64DDE872C04CAB8007A311A /* Release */,
			);
			defaultConfigurationIsVisible = 0;
			defaultConfigurationName = Release;
		};
		D64DDE882C04CAB8007A311A /* Build configuration list for PBXNativeTarget "ProblemSolving" */ = {
			isa = XCConfigurationList;
			buildConfigurations = (
				D64DDE892C04CAB8007A311A /* Debug */,
				D64DDE8A2C04CAB8007A311A /* Release */,
			);
			defaultConfigurationIsVisible = 0;
			defaultConfigurationName = Release;
		};
/* End XCConfigurationList section */
	};
	rootObject = D64DDE792C04CAB8007A311A /* Project object */;
}
